{
  "version": "5",
  "specifiers": {
    "npm:@bgotink/kdl@0.4.0": "0.4.0"
  },
  "npm": {
    "@bgotink/kdl@0.4.0": {
      "integrity": "sha512-F0uJCjo5FQvFdcGF5QbYVNfcGiRWlocuzyIdQxottZF2+gu6L2xjMGEu9PIpse2hifAca/19vIospgaETCKxIg=="
    }
  },
  "workspace": {
    "dependencies": [
      "npm:@bgotink/kdl@0.4.0"
    ]
  }
}
